
Microsoft Visual Studio Solution File, Format Version 12.00
# Visual Studio Version 17
VisualStudioVersion = 17.4.33103.184
MinimumVisualStudioVersion = 10.0.40219.1
Project("{FAE04EC0-301F-11D3-BF4B-00C04F79EFBC}") = "ZheilwinnCreditCard", "ZheilwinnCreditCard\ZheilwinnCreditCard.csproj", "{2CA3A5BD-6339-4A7A-9607-048C39D51AA7}"
EndProject
Global
	GlobalSection(SolutionConfigurationPlatforms) = preSolution
		Debug|Any CPU = Debug|Any CPU
		Release|Any CPU = Release|Any CPU
	EndGlobalSection
	GlobalSection(ProjectConfigurationPlatforms) = postSolution
		{2CA3A5BD-6339-4A7A-9607-048C39D51AA7}.Debug|Any CPU.ActiveCfg = Debug|Any CPU
		{2CA3A5BD-6339-4A7A-9607-048C39D51AA7}.Debug|Any CPU.Build.0 = Debug|Any CPU
		{2CA3A5BD-6339-4A7A-9607-048C39D51AA7}.Release|Any CPU.ActiveCfg = Release|Any CPU
		{2CA3A5BD-6339-4A7A-9607-048C39D51AA7}.Release|Any CPU.Build.0 = Release|Any CPU
	EndGlobalSection
	GlobalSection(SolutionProperties) = preSolution
		HideSolutionNode = FALSE
	EndGlobalSection
	GlobalSection(ExtensibilityGlobals) = postSolution
		SolutionGuid = {0E92522F-DEF0-4216-9DD5-F1F5E612EC7C}
	EndGlobalSection
EndGlobal
